
Microsoft Visual Studio Solution File, Format Version 12.00
# Visual Studio Version 16
VisualStudioVersion = 16.0.30804.86
MinimumVisualStudioVersion = 10.0.40219.1
Project("{FAE04EC0-301F-11D3-BF4B-00C04F79EFBC}") = "EnableDebug", "EnableDebug\EnableDebug.csproj", "{FC43559B-0F61-4881-8961-6111F80DF40B}"
EndProject
Global
	GlobalSection(SolutionConfigurationPlatforms) = preSolution
		Debug|Any CPU = Debug|Any CPU
		Release|Any CPU = Release|Any CPU
	EndGlobalSection
	GlobalSection(ProjectConfigurationPlatforms) = postSolution
		{FC43559B-0F61-4881-8961-6111F80DF40B}.Debug|Any CPU.ActiveCfg = Debug|Any CPU
		{FC43559B-0F61-4881-8961-6111F80DF40B}.Debug|Any CPU.Build.0 = Debug|Any CPU
		{FC43559B-0F61-4881-8961-6111F80DF40B}.Release|Any CPU.ActiveCfg = Release|Any CPU
		{FC43559B-0F61-4881-8961-6111F80DF40B}.Release|Any CPU.Build.0 = Release|Any CPU
	EndGlobalSection
	GlobalSection(SolutionProperties) = preSolution
		HideSolutionNode = FALSE
	EndGlobalSection
	GlobalSection(ExtensibilityGlobals) = postSolution
		SolutionGuid = {D4216A63-55D1-4DC7-A4EF-99A373FB8724}
	EndGlobalSection
EndGlobal
